
Microsoft Visual Studio Solution File, Format Version 12.00
# Visual Studio Version 16
VisualStudioVersion = 16.0.30413.136
MinimumVisualStudioVersion = 10.0.40219.1
Project("{FAE04EC0-301F-11D3-BF4B-00C04F79EFBC}") = "EqualizingArrayElements", "EqualizingArrayElements\EqualizingArrayElements.csproj", "{561366FE-753B-45BA-957B-D23F72D70840}"
EndProject
Project("{FAE04EC0-301F-11D3-BF4B-00C04F79EFBC}") = "StringAnagram", "StringAnagram\StringAnagram.csproj", "{414281EC-428C-4FBF-B64F-39A50ED33835}"
EndProject
Project("{FAE04EC0-301F-11D3-BF4B-00C04F79EFBC}") = "UnexpectedDemand", "UnexpectedDemand\UnexpectedDemand.csproj", "{3E285F2F-3D39-4777-8199-7FC4747B0961}"
EndProject
Global
	GlobalSection(SolutionConfigurationPlatforms) = preSolution
		Debug|Any CPU = Debug|Any CPU
		Release|Any CPU = Release|Any CPU
	EndGlobalSection
	GlobalSection(ProjectConfigurationPlatforms) = postSolution
		{561366FE-753B-45BA-957B-D23F72D70840}.Debug|Any CPU.ActiveCfg = Debug|Any CPU
		{561366FE-753B-45BA-957B-D23F72D70840}.Debug|Any CPU.Build.0 = Debug|Any CPU
		{561366FE-753B-45BA-957B-D23F72D70840}.Release|Any CPU.ActiveCfg = Release|Any CPU
		{561366FE-753B-45BA-957B-D23F72D70840}.Release|Any CPU.Build.0 = Release|Any CPU
		{414281EC-428C-4FBF-B64F-39A50ED33835}.Debug|Any CPU.ActiveCfg = Debug|Any CPU
		{414281EC-428C-4FBF-B64F-39A50ED33835}.Debug|Any CPU.Build.0 = Debug|Any CPU
		{414281EC-428C-4FBF-B64F-39A50ED33835}.Release|Any CPU.ActiveCfg = Release|Any CPU
		{414281EC-428C-4FBF-B64F-39A50ED33835}.Release|Any CPU.Build.0 = Release|Any CPU
		{3E285F2F-3D39-4777-8199-7FC4747B0961}.Debug|Any CPU.ActiveCfg = Debug|Any CPU
		{3E285F2F-3D39-4777-8199-7FC4747B0961}.Debug|Any CPU.Build.0 = Debug|Any CPU
		{3E285F2F-3D39-4777-8199-7FC4747B0961}.Release|Any CPU.ActiveCfg = Release|Any CPU
		{3E285F2F-3D39-4777-8199-7FC4747B0961}.Release|Any CPU.Build.0 = Release|Any CPU
	EndGlobalSection
	GlobalSection(SolutionProperties) = preSolution
		HideSolutionNode = FALSE
	EndGlobalSection
	GlobalSection(ExtensibilityGlobals) = postSolution
		SolutionGuid = {CE262E8B-E1DA-4657-8472-3B33DD6B3545}
	EndGlobalSection
EndGlobal
