
Microsoft Visual Studio Solution File, Format Version 12.00
# Visual Studio Version 16
VisualStudioVersion = 16.0.30413.136
MinimumVisualStudioVersion = 10.0.40219.1
Project("{9A19103F-16F7-4668-BE54-9A1E7A4F7556}") = "EqualizingArrayElements", "EqualizingArrayElements\EqualizingArrayElements.csproj", "{561366FE-753B-45BA-957B-D23F72D70840}"
EndProject
Project("{9A19103F-16F7-4668-BE54-9A1E7A4F7556}") = "StringAnagram", "StringAnagram\StringAnagram.csproj", "{414281EC-428C-4FBF-B64F-39A50ED33835}"
EndProject
Project("{9A19103F-16F7-4668-BE54-9A1E7A4F7556}") = "UnexpectedDemand", "UnexpectedDemand\UnexpectedDemand.csproj", "{3E285F2F-3D39-4777-8199-7FC4747B0961}"
EndProject
Project("{9A19103F-16F7-4668-BE54-9A1E7A4F7556}") = "Fatorial", "Fatorial\Fatorial.csproj", "{B6BE6CDA-C9CC-436E-8152-21511AE4EE77}"
EndProject
Project("{9A19103F-16F7-4668-BE54-9A1E7A4F7556}") = "LeftRotarionArray", "LeftRotarionArray\LeftRotarionArray.csproj", "{324675EA-7CC2-4091-AA6D-1842815AD377}"
EndProject
Project("{9A19103F-16F7-4668-BE54-9A1E7A4F7556}") = "MakeAnagram", "MakeAnagram\MakeAnagram.csproj", "{69447275-54AC-4B04-A6EA-9A22C3E5703D}"
EndProject
Project("{9A19103F-16F7-4668-BE54-9A1E7A4F7556}") = "AlternatingCharacters", "AlternatingCharacters\AlternatingCharacters.csproj", "{489767D1-4D69-4BE4-8E94-966FC52C6ED8}"
EndProject
Project("{9A19103F-16F7-4668-BE54-9A1E7A4F7556}") = "SherlockValidString", "SherlockValidString\SherlockValidString.csproj", "{EC9BFD77-762D-4B28-8AA8-C31106E38D17}"
EndProject
Project("{9A19103F-16F7-4668-BE54-9A1E7A4F7556}") = "SpecialStringAgain", "SpecialStringAgain\SpecialStringAgain.csproj", "{903D6BE7-1763-4907-9776-32E558E09CD1}"
EndProject
Project("{9A19103F-16F7-4668-BE54-9A1E7A4F7556}") = "CommonChildString", "CommonChild\CommonChildString.csproj", "{64557CD5-1BA5-4091-8DF6-E4445B42EB8F}"
EndProject
Project("{9A19103F-16F7-4668-BE54-9A1E7A4F7556}") = "JumpingOnClouds", "JumpingOnClouds\JumpingOnClouds.csproj", "{4939B611-D45B-48C1-89CB-05338F883795}"
EndProject
Project("{9A19103F-16F7-4668-BE54-9A1E7A4F7556}") = "Fibonacci", "FibonacciSequence\Fibonacci.csproj", "{17411B43-AB24-4AF2-85B8-2615BF175999}"
EndProject
Project("{00D1A9C2-B5F0-4AF3-8072-F6C62B433612}") = "SQL", "SQL\SQL.sqlproj", "{5EC1CFF7-B264-4394-845D-6981489E5F62}"
EndProject
Project("{9A19103F-16F7-4668-BE54-9A1E7A4F7556}") = "BigSortingArray", "BigSortingArray\BigSortingArray.csproj", "{8D1498A6-6368-4711-AD55-B059CAA58ABF}"
EndProject
Project("{9A19103F-16F7-4668-BE54-9A1E7A4F7556}") = "BasicAlgorithms", "BasicAlgorithms\BasicAlgorithms.csproj", "{CE17EA3C-9B5A-421C-8D86-AE00687B3E09}"
EndProject
Project("{FAE04EC0-301F-11D3-BF4B-00C04F79EFBC}") = "BalancedSumArray", "BalancedSumArray\BalancedSumArray.csproj", "{00AB9A23-8FE3-4E9D-88A7-862E72BB42E0}"
EndProject
Project("{FAE04EC0-301F-11D3-BF4B-00C04F79EFBC}") = "GetIOTdevicesbyParentId", "GetIOTdevicesbyParentId\GetIOTdevicesbyParentId.csproj", "{1FC05A35-EFE6-4F4F-BA80-44D3CF8805E3}"
EndProject
Global
	GlobalSection(SolutionConfigurationPlatforms) = preSolution
		Debug|Any CPU = Debug|Any CPU
		Release|Any CPU = Release|Any CPU
	EndGlobalSection
	GlobalSection(ProjectConfigurationPlatforms) = postSolution
		{561366FE-753B-45BA-957B-D23F72D70840}.Debug|Any CPU.ActiveCfg = Debug|Any CPU
		{561366FE-753B-45BA-957B-D23F72D70840}.Debug|Any CPU.Build.0 = Debug|Any CPU
		{561366FE-753B-45BA-957B-D23F72D70840}.Release|Any CPU.ActiveCfg = Release|Any CPU
		{561366FE-753B-45BA-957B-D23F72D70840}.Release|Any CPU.Build.0 = Release|Any CPU
		{414281EC-428C-4FBF-B64F-39A50ED33835}.Debug|Any CPU.ActiveCfg = Debug|Any CPU
		{414281EC-428C-4FBF-B64F-39A50ED33835}.Debug|Any CPU.Build.0 = Debug|Any CPU
		{414281EC-428C-4FBF-B64F-39A50ED33835}.Release|Any CPU.ActiveCfg = Release|Any CPU
		{414281EC-428C-4FBF-B64F-39A50ED33835}.Release|Any CPU.Build.0 = Release|Any CPU
		{3E285F2F-3D39-4777-8199-7FC4747B0961}.Debug|Any CPU.ActiveCfg = Debug|Any CPU
		{3E285F2F-3D39-4777-8199-7FC4747B0961}.Debug|Any CPU.Build.0 = Debug|Any CPU
		{3E285F2F-3D39-4777-8199-7FC4747B0961}.Release|Any CPU.ActiveCfg = Release|Any CPU
		{3E285F2F-3D39-4777-8199-7FC4747B0961}.Release|Any CPU.Build.0 = Release|Any CPU
		{B6BE6CDA-C9CC-436E-8152-21511AE4EE77}.Debug|Any CPU.ActiveCfg = Debug|Any CPU
		{B6BE6CDA-C9CC-436E-8152-21511AE4EE77}.Debug|Any CPU.Build.0 = Debug|Any CPU
		{B6BE6CDA-C9CC-436E-8152-21511AE4EE77}.Release|Any CPU.ActiveCfg = Release|Any CPU
		{B6BE6CDA-C9CC-436E-8152-21511AE4EE77}.Release|Any CPU.Build.0 = Release|Any CPU
		{324675EA-7CC2-4091-AA6D-1842815AD377}.Debug|Any CPU.ActiveCfg = Debug|Any CPU
		{324675EA-7CC2-4091-AA6D-1842815AD377}.Debug|Any CPU.Build.0 = Debug|Any CPU
		{324675EA-7CC2-4091-AA6D-1842815AD377}.Release|Any CPU.ActiveCfg = Release|Any CPU
		{324675EA-7CC2-4091-AA6D-1842815AD377}.Release|Any CPU.Build.0 = Release|Any CPU
		{69447275-54AC-4B04-A6EA-9A22C3E5703D}.Debug|Any CPU.ActiveCfg = Debug|Any CPU
		{69447275-54AC-4B04-A6EA-9A22C3E5703D}.Debug|Any CPU.Build.0 = Debug|Any CPU
		{69447275-54AC-4B04-A6EA-9A22C3E5703D}.Release|Any CPU.ActiveCfg = Release|Any CPU
		{69447275-54AC-4B04-A6EA-9A22C3E5703D}.Release|Any CPU.Build.0 = Release|Any CPU
		{489767D1-4D69-4BE4-8E94-966FC52C6ED8}.Debug|Any CPU.ActiveCfg = Debug|Any CPU
		{489767D1-4D69-4BE4-8E94-966FC52C6ED8}.Debug|Any CPU.Build.0 = Debug|Any CPU
		{489767D1-4D69-4BE4-8E94-966FC52C6ED8}.Release|Any CPU.ActiveCfg = Release|Any CPU
		{489767D1-4D69-4BE4-8E94-966FC52C6ED8}.Release|Any CPU.Build.0 = Release|Any CPU
		{EC9BFD77-762D-4B28-8AA8-C31106E38D17}.Debug|Any CPU.ActiveCfg = Debug|Any CPU
		{EC9BFD77-762D-4B28-8AA8-C31106E38D17}.Debug|Any CPU.Build.0 = Debug|Any CPU
		{EC9BFD77-762D-4B28-8AA8-C31106E38D17}.Release|Any CPU.ActiveCfg = Release|Any CPU
		{EC9BFD77-762D-4B28-8AA8-C31106E38D17}.Release|Any CPU.Build.0 = Release|Any CPU
		{903D6BE7-1763-4907-9776-32E558E09CD1}.Debug|Any CPU.ActiveCfg = Debug|Any CPU
		{903D6BE7-1763-4907-9776-32E558E09CD1}.Debug|Any CPU.Build.0 = Debug|Any CPU
		{903D6BE7-1763-4907-9776-32E558E09CD1}.Release|Any CPU.ActiveCfg = Release|Any CPU
		{903D6BE7-1763-4907-9776-32E558E09CD1}.Release|Any CPU.Build.0 = Release|Any CPU
		{64557CD5-1BA5-4091-8DF6-E4445B42EB8F}.Debug|Any CPU.ActiveCfg = Debug|Any CPU
		{64557CD5-1BA5-4091-8DF6-E4445B42EB8F}.Debug|Any CPU.Build.0 = Debug|Any CPU
		{64557CD5-1BA5-4091-8DF6-E4445B42EB8F}.Release|Any CPU.ActiveCfg = Release|Any CPU
		{64557CD5-1BA5-4091-8DF6-E4445B42EB8F}.Release|Any CPU.Build.0 = Release|Any CPU
		{4939B611-D45B-48C1-89CB-05338F883795}.Debug|Any CPU.ActiveCfg = Debug|Any CPU
		{4939B611-D45B-48C1-89CB-05338F883795}.Debug|Any CPU.Build.0 = Debug|Any CPU
		{4939B611-D45B-48C1-89CB-05338F883795}.Release|Any CPU.ActiveCfg = Release|Any CPU
		{4939B611-D45B-48C1-89CB-05338F883795}.Release|Any CPU.Build.0 = Release|Any CPU
		{17411B43-AB24-4AF2-85B8-2615BF175999}.Debug|Any CPU.ActiveCfg = Debug|Any CPU
		{17411B43-AB24-4AF2-85B8-2615BF175999}.Debug|Any CPU.Build.0 = Debug|Any CPU
		{17411B43-AB24-4AF2-85B8-2615BF175999}.Release|Any CPU.ActiveCfg = Release|Any CPU
		{17411B43-AB24-4AF2-85B8-2615BF175999}.Release|Any CPU.Build.0 = Release|Any CPU
		{5EC1CFF7-B264-4394-845D-6981489E5F62}.Debug|Any CPU.ActiveCfg = Debug|Any CPU
		{5EC1CFF7-B264-4394-845D-6981489E5F62}.Debug|Any CPU.Build.0 = Debug|Any CPU
		{5EC1CFF7-B264-4394-845D-6981489E5F62}.Debug|Any CPU.Deploy.0 = Debug|Any CPU
		{5EC1CFF7-B264-4394-845D-6981489E5F62}.Release|Any CPU.ActiveCfg = Release|Any CPU
		{5EC1CFF7-B264-4394-845D-6981489E5F62}.Release|Any CPU.Build.0 = Release|Any CPU
		{5EC1CFF7-B264-4394-845D-6981489E5F62}.Release|Any CPU.Deploy.0 = Release|Any CPU
		{8D1498A6-6368-4711-AD55-B059CAA58ABF}.Debug|Any CPU.ActiveCfg = Debug|Any CPU
		{8D1498A6-6368-4711-AD55-B059CAA58ABF}.Debug|Any CPU.Build.0 = Debug|Any CPU
		{8D1498A6-6368-4711-AD55-B059CAA58ABF}.Release|Any CPU.ActiveCfg = Release|Any CPU
		{8D1498A6-6368-4711-AD55-B059CAA58ABF}.Release|Any CPU.Build.0 = Release|Any CPU
		{CE17EA3C-9B5A-421C-8D86-AE00687B3E09}.Debug|Any CPU.ActiveCfg = Debug|Any CPU
		{CE17EA3C-9B5A-421C-8D86-AE00687B3E09}.Debug|Any CPU.Build.0 = Debug|Any CPU
		{CE17EA3C-9B5A-421C-8D86-AE00687B3E09}.Release|Any CPU.ActiveCfg = Release|Any CPU
		{CE17EA3C-9B5A-421C-8D86-AE00687B3E09}.Release|Any CPU.Build.0 = Release|Any CPU
		{00AB9A23-8FE3-4E9D-88A7-862E72BB42E0}.Debug|Any CPU.ActiveCfg = Debug|Any CPU
		{00AB9A23-8FE3-4E9D-88A7-862E72BB42E0}.Debug|Any CPU.Build.0 = Debug|Any CPU
		{00AB9A23-8FE3-4E9D-88A7-862E72BB42E0}.Release|Any CPU.ActiveCfg = Release|Any CPU
		{00AB9A23-8FE3-4E9D-88A7-862E72BB42E0}.Release|Any CPU.Build.0 = Release|Any CPU
		{1FC05A35-EFE6-4F4F-BA80-44D3CF8805E3}.Debug|Any CPU.ActiveCfg = Debug|Any CPU
		{1FC05A35-EFE6-4F4F-BA80-44D3CF8805E3}.Debug|Any CPU.Build.0 = Debug|Any CPU
		{1FC05A35-EFE6-4F4F-BA80-44D3CF8805E3}.Release|Any CPU.ActiveCfg = Release|Any CPU
		{1FC05A35-EFE6-4F4F-BA80-44D3CF8805E3}.Release|Any CPU.Build.0 = Release|Any CPU
	EndGlobalSection
	GlobalSection(SolutionProperties) = preSolution
		HideSolutionNode = FALSE
	EndGlobalSection
	GlobalSection(ExtensibilityGlobals) = postSolution
		SolutionGuid = {CE262E8B-E1DA-4657-8472-3B33DD6B3545}
	EndGlobalSection
EndGlobal
